
Microsoft Visual Studio Solution File, Format Version 12.00
# Visual Studio Version 16
VisualStudioVersion = 16.0.29424.173
MinimumVisualStudioVersion = 10.0.40219.1
Project("{9A19103F-16F7-4668-BE54-9A1E7A4F7556}") = "AccountOwnerServer", "AccountOwnerServer\AccountOwnerServer.csproj", "{D9142A6E-9687-4BA4-9CF9-A9AFF006E3DF}"
EndProject
Project("{9A19103F-16F7-4668-BE54-9A1E7A4F7556}") = "Contracts", "Contracts\Contracts.csproj", "{E75B1842-10BD-4BF3-A96A-830220E57332}"
EndProject
Project("{9A19103F-16F7-4668-BE54-9A1E7A4F7556}") = "LoggerService", "LoggerService\LoggerService.csproj", "{DA66E4D3-1CDD-407D-9900-FC27F5AF8F06}"
EndProject
Project("{FAE04EC0-301F-11D3-BF4B-00C04F79EFBC}") = "Entities", "Entities\Entities.csproj", "{3466888D-D523-4180-B3E4-69953F45F520}"
EndProject
Project("{FAE04EC0-301F-11D3-BF4B-00C04F79EFBC}") = "Repository", "Repository\Repository.csproj", "{7EB45A88-65DE-4A64-852A-3B6921B32D2E}"
EndProject
Global
	GlobalSection(SolutionConfigurationPlatforms) = preSolution
		Debug|Any CPU = Debug|Any CPU
		Release|Any CPU = Release|Any CPU
	EndGlobalSection
	GlobalSection(ProjectConfigurationPlatforms) = postSolution
		{D9142A6E-9687-4BA4-9CF9-A9AFF006E3DF}.Debug|Any CPU.ActiveCfg = Debug|Any CPU
		{D9142A6E-9687-4BA4-9CF9-A9AFF006E3DF}.Debug|Any CPU.Build.0 = Debug|Any CPU
		{D9142A6E-9687-4BA4-9CF9-A9AFF006E3DF}.Release|Any CPU.ActiveCfg = Release|Any CPU
		{D9142A6E-9687-4BA4-9CF9-A9AFF006E3DF}.Release|Any CPU.Build.0 = Release|Any CPU
		{E75B1842-10BD-4BF3-A96A-830220E57332}.Debug|Any CPU.ActiveCfg = Debug|Any CPU
		{E75B1842-10BD-4BF3-A96A-830220E57332}.Debug|Any CPU.Build.0 = Debug|Any CPU
		{E75B1842-10BD-4BF3-A96A-830220E57332}.Release|Any CPU.ActiveCfg = Release|Any CPU
		{E75B1842-10BD-4BF3-A96A-830220E57332}.Release|Any CPU.Build.0 = Release|Any CPU
		{DA66E4D3-1CDD-407D-9900-FC27F5AF8F06}.Debug|Any CPU.ActiveCfg = Debug|Any CPU
		{DA66E4D3-1CDD-407D-9900-FC27F5AF8F06}.Debug|Any CPU.Build.0 = Debug|Any CPU
		{DA66E4D3-1CDD-407D-9900-FC27F5AF8F06}.Release|Any CPU.ActiveCfg = Release|Any CPU
		{DA66E4D3-1CDD-407D-9900-FC27F5AF8F06}.Release|Any CPU.Build.0 = Release|Any CPU
		{3466888D-D523-4180-B3E4-69953F45F520}.Debug|Any CPU.ActiveCfg = Debug|Any CPU
		{3466888D-D523-4180-B3E4-69953F45F520}.Debug|Any CPU.Build.0 = Debug|Any CPU
		{3466888D-D523-4180-B3E4-69953F45F520}.Release|Any CPU.ActiveCfg = Release|Any CPU
		{3466888D-D523-4180-B3E4-69953F45F520}.Release|Any CPU.Build.0 = Release|Any CPU
		{7EB45A88-65DE-4A64-852A-3B6921B32D2E}.Debug|Any CPU.ActiveCfg = Debug|Any CPU
		{7EB45A88-65DE-4A64-852A-3B6921B32D2E}.Debug|Any CPU.Build.0 = Debug|Any CPU
		{7EB45A88-65DE-4A64-852A-3B6921B32D2E}.Release|Any CPU.ActiveCfg = Release|Any CPU
		{7EB45A88-65DE-4A64-852A-3B6921B32D2E}.Release|Any CPU.Build.0 = Release|Any CPU
	EndGlobalSection
	GlobalSection(SolutionProperties) = preSolution
		HideSolutionNode = FALSE
	EndGlobalSection
	GlobalSection(ExtensibilityGlobals) = postSolution
		SolutionGuid = {12A94BCC-D511-439A-9D3B-C1253CB1C879}
	EndGlobalSection
EndGlobal
