
Microsoft Visual Studio Solution File, Format Version 12.00
# Visual Studio 15
VisualStudioVersion = 15.0.28307.421
MinimumVisualStudioVersion = 10.0.40219.1
Project("{9A19103F-16F7-4668-BE54-9A1E7A4F7556}") = "AccountOwnerServer", "AccountOwnerServer\AccountOwnerServer.csproj", "{D6116708-5D20-43C2-A796-9716AC8885F3}"
EndProject
Project("{FAE04EC0-301F-11D3-BF4B-00C04F79EFBC}") = "Contracts", "Contracts\Contracts.csproj", "{C6A5877A-BCBF-487C-B9EE-F678F921D3F2}"
EndProject
Project("{FAE04EC0-301F-11D3-BF4B-00C04F79EFBC}") = "LoggerService", "LoggerService\LoggerService.csproj", "{8F7CB858-3196-4D0C-A3DB-A850443CA462}"
EndProject
Global
	GlobalSection(SolutionConfigurationPlatforms) = preSolution
		Debug|Any CPU = Debug|Any CPU
		Release|Any CPU = Release|Any CPU
	EndGlobalSection
	GlobalSection(ProjectConfigurationPlatforms) = postSolution
		{D6116708-5D20-43C2-A796-9716AC8885F3}.Debug|Any CPU.ActiveCfg = Debug|Any CPU
		{D6116708-5D20-43C2-A796-9716AC8885F3}.Debug|Any CPU.Build.0 = Debug|Any CPU
		{D6116708-5D20-43C2-A796-9716AC8885F3}.Release|Any CPU.ActiveCfg = Release|Any CPU
		{D6116708-5D20-43C2-A796-9716AC8885F3}.Release|Any CPU.Build.0 = Release|Any CPU
		{C6A5877A-BCBF-487C-B9EE-F678F921D3F2}.Debug|Any CPU.ActiveCfg = Debug|Any CPU
		{C6A5877A-BCBF-487C-B9EE-F678F921D3F2}.Debug|Any CPU.Build.0 = Debug|Any CPU
		{C6A5877A-BCBF-487C-B9EE-F678F921D3F2}.Release|Any CPU.ActiveCfg = Release|Any CPU
		{C6A5877A-BCBF-487C-B9EE-F678F921D3F2}.Release|Any CPU.Build.0 = Release|Any CPU
		{8F7CB858-3196-4D0C-A3DB-A850443CA462}.Debug|Any CPU.ActiveCfg = Debug|Any CPU
		{8F7CB858-3196-4D0C-A3DB-A850443CA462}.Debug|Any CPU.Build.0 = Debug|Any CPU
		{8F7CB858-3196-4D0C-A3DB-A850443CA462}.Release|Any CPU.ActiveCfg = Release|Any CPU
		{8F7CB858-3196-4D0C-A3DB-A850443CA462}.Release|Any CPU.Build.0 = Release|Any CPU
	EndGlobalSection
	GlobalSection(SolutionProperties) = preSolution
		HideSolutionNode = FALSE
	EndGlobalSection
	GlobalSection(ExtensibilityGlobals) = postSolution
		SolutionGuid = {9552CCB3-10D6-4D12-8C27-FDD7440E23EB}
	EndGlobalSection
EndGlobal
